
Microsoft Visual Studio Solution File, Format Version 12.00
# Visual Studio Version 16
VisualStudioVersion = 16.0.32002.261
MinimumVisualStudioVersion = 10.0.40219.1
Project("{2150E333-8FDC-42A3-9474-1A3956D46DE8}") = "UserControls", "UserControls", "{8243E593-517D-421E-B739-08901B487A35}"
EndProject
Project("{FAE04EC0-301F-11D3-BF4B-00C04F79EFBC}") = "MainController", "MainForm\MainController.csproj", "{C59EBF57-5334-4009-9CF7-AF9181F35ED8}"
EndProject
Project("{FAE04EC0-301F-11D3-BF4B-00C04F79EFBC}") = "ClientsBoardUC", "ClientsBoardUC\ClientsBoardUC.csproj", "{DBDB5C94-D0B9-4F36-BD10-4D6B7403AD1A}"
EndProject
Project("{FAE04EC0-301F-11D3-BF4B-00C04F79EFBC}") = "ClientMakeOfferUC", "ClientMakeOfferUC\ClientMakeOfferUC.csproj", "{D43AEF7F-21EE-4178-85FD-4AEE5A326C99}"
EndProject
Project("{FAE04EC0-301F-11D3-BF4B-00C04F79EFBC}") = "ClientSignUpUC", "..\..\..\source\repos\ClientSignUpUC\ClientSignUpUC\ClientSignUpUC.csproj", "{E31F4C4C-598F-4AEA-92A6-7FB62C61D355}"
EndProject
Project("{FAE04EC0-301F-11D3-BF4B-00C04F79EFBC}") = "CompanySignUpUC", "..\..\..\source\repos\CompanySignUpUC\CompanySignUpUC\CompanySignUpUC.csproj", "{490B6581-A9E8-475A-AFDB-37119C51CB58}"
EndProject
Project("{FAE04EC0-301F-11D3-BF4B-00C04F79EFBC}") = "loginCompanyClientUC", "..\..\..\source\repos\loginCompanyClientUC\loginCompanyClientUC\loginCompanyClientUC.csproj", "{0127061F-6A23-4BCF-B970-52C0C260C4C5}"
EndProject
Project("{FAE04EC0-301F-11D3-BF4B-00C04F79EFBC}") = "lookForTravelUC", "..\..\..\source\repos\lookForTravelUC\lookForTravelUC\lookForTravelUC.csproj", "{C8EE8491-B917-4365-8628-00732095D1AD}"
EndProject
Project("{FAE04EC0-301F-11D3-BF4B-00C04F79EFBC}") = "MainLoginUC", "..\..\..\source\repos\MainLoginUC\mainLoginUC\MainLoginUC.csproj", "{614A3E80-2E53-4344-9ABC-A7FE8F39AC62}"
EndProject
Project("{FAE04EC0-301F-11D3-BF4B-00C04F79EFBC}") = "OffersUC", "Z:\BusShuttle\OffersUC\OffersUC.csproj", "{0389089B-13FD-4308-AF01-4E7467350BB0}"
EndProject
Project("{FAE04EC0-301F-11D3-BF4B-00C04F79EFBC}") = "AlloBusLogoUC", "..\..\..\source\repos\AlloBusLogoUC\AlloBusLogoUC\AlloBusLogoUC.csproj", "{529C66F2-ADD6-46C2-9C31-E9A2A6416F6C}"
EndProject
Project("{FAE04EC0-301F-11D3-BF4B-00C04F79EFBC}") = "VallidateSubscriptionUC", "VallidateSubscriptionUC\VallidateSubscriptionUC.csproj", "{A3B4DC47-CDFA-4E98-AC25-140109A7EBE2}"
EndProject
Project("{FAE04EC0-301F-11D3-BF4B-00C04F79EFBC}") = "CompanyBoardUC", "CompanyBoardUC\CompanyBoardUC.csproj", "{185A2EA8-E9DC-4BCC-8FE7-B2EA5A1352D0}"
EndProject
Global
	GlobalSection(SolutionConfigurationPlatforms) = preSolution
		Debug|Any CPU = Debug|Any CPU
		Release|Any CPU = Release|Any CPU
	EndGlobalSection
	GlobalSection(ProjectConfigurationPlatforms) = postSolution
		{C59EBF57-5334-4009-9CF7-AF9181F35ED8}.Debug|Any CPU.ActiveCfg = Debug|Any CPU
		{C59EBF57-5334-4009-9CF7-AF9181F35ED8}.Debug|Any CPU.Build.0 = Debug|Any CPU
		{C59EBF57-5334-4009-9CF7-AF9181F35ED8}.Release|Any CPU.ActiveCfg = Release|Any CPU
		{C59EBF57-5334-4009-9CF7-AF9181F35ED8}.Release|Any CPU.Build.0 = Release|Any CPU
		{DBDB5C94-D0B9-4F36-BD10-4D6B7403AD1A}.Debug|Any CPU.ActiveCfg = Debug|Any CPU
		{DBDB5C94-D0B9-4F36-BD10-4D6B7403AD1A}.Debug|Any CPU.Build.0 = Debug|Any CPU
		{DBDB5C94-D0B9-4F36-BD10-4D6B7403AD1A}.Release|Any CPU.ActiveCfg = Release|Any CPU
		{DBDB5C94-D0B9-4F36-BD10-4D6B7403AD1A}.Release|Any CPU.Build.0 = Release|Any CPU
		{D43AEF7F-21EE-4178-85FD-4AEE5A326C99}.Debug|Any CPU.ActiveCfg = Debug|Any CPU
		{D43AEF7F-21EE-4178-85FD-4AEE5A326C99}.Debug|Any CPU.Build.0 = Debug|Any CPU
		{D43AEF7F-21EE-4178-85FD-4AEE5A326C99}.Release|Any CPU.ActiveCfg = Release|Any CPU
		{D43AEF7F-21EE-4178-85FD-4AEE5A326C99}.Release|Any CPU.Build.0 = Release|Any CPU
		{E31F4C4C-598F-4AEA-92A6-7FB62C61D355}.Debug|Any CPU.ActiveCfg = Debug|Any CPU
		{E31F4C4C-598F-4AEA-92A6-7FB62C61D355}.Debug|Any CPU.Build.0 = Debug|Any CPU
		{E31F4C4C-598F-4AEA-92A6-7FB62C61D355}.Release|Any CPU.ActiveCfg = Release|Any CPU
		{E31F4C4C-598F-4AEA-92A6-7FB62C61D355}.Release|Any CPU.Build.0 = Release|Any CPU
		{490B6581-A9E8-475A-AFDB-37119C51CB58}.Debug|Any CPU.ActiveCfg = Debug|Any CPU
		{490B6581-A9E8-475A-AFDB-37119C51CB58}.Debug|Any CPU.Build.0 = Debug|Any CPU
		{490B6581-A9E8-475A-AFDB-37119C51CB58}.Release|Any CPU.ActiveCfg = Release|Any CPU
		{490B6581-A9E8-475A-AFDB-37119C51CB58}.Release|Any CPU.Build.0 = Release|Any CPU
		{0127061F-6A23-4BCF-B970-52C0C260C4C5}.Debug|Any CPU.ActiveCfg = Debug|Any CPU
		{0127061F-6A23-4BCF-B970-52C0C260C4C5}.Debug|Any CPU.Build.0 = Debug|Any CPU
		{0127061F-6A23-4BCF-B970-52C0C260C4C5}.Release|Any CPU.ActiveCfg = Release|Any CPU
		{0127061F-6A23-4BCF-B970-52C0C260C4C5}.Release|Any CPU.Build.0 = Release|Any CPU
		{C8EE8491-B917-4365-8628-00732095D1AD}.Debug|Any CPU.ActiveCfg = Debug|Any CPU
		{C8EE8491-B917-4365-8628-00732095D1AD}.Debug|Any CPU.Build.0 = Debug|Any CPU
		{C8EE8491-B917-4365-8628-00732095D1AD}.Release|Any CPU.ActiveCfg = Release|Any CPU
		{C8EE8491-B917-4365-8628-00732095D1AD}.Release|Any CPU.Build.0 = Release|Any CPU
		{614A3E80-2E53-4344-9ABC-A7FE8F39AC62}.Debug|Any CPU.ActiveCfg = Debug|Any CPU
		{614A3E80-2E53-4344-9ABC-A7FE8F39AC62}.Debug|Any CPU.Build.0 = Debug|Any CPU
		{614A3E80-2E53-4344-9ABC-A7FE8F39AC62}.Release|Any CPU.ActiveCfg = Release|Any CPU
		{614A3E80-2E53-4344-9ABC-A7FE8F39AC62}.Release|Any CPU.Build.0 = Release|Any CPU
		{0389089B-13FD-4308-AF01-4E7467350BB0}.Debug|Any CPU.ActiveCfg = Debug|Any CPU
		{0389089B-13FD-4308-AF01-4E7467350BB0}.Debug|Any CPU.Build.0 = Debug|Any CPU
		{0389089B-13FD-4308-AF01-4E7467350BB0}.Release|Any CPU.ActiveCfg = Release|Any CPU
		{0389089B-13FD-4308-AF01-4E7467350BB0}.Release|Any CPU.Build.0 = Release|Any CPU
		{529C66F2-ADD6-46C2-9C31-E9A2A6416F6C}.Debug|Any CPU.ActiveCfg = Debug|Any CPU
		{529C66F2-ADD6-46C2-9C31-E9A2A6416F6C}.Debug|Any CPU.Build.0 = Debug|Any CPU
		{529C66F2-ADD6-46C2-9C31-E9A2A6416F6C}.Release|Any CPU.ActiveCfg = Release|Any CPU
		{529C66F2-ADD6-46C2-9C31-E9A2A6416F6C}.Release|Any CPU.Build.0 = Release|Any CPU
		{A3B4DC47-CDFA-4E98-AC25-140109A7EBE2}.Debug|Any CPU.ActiveCfg = Debug|Any CPU
		{A3B4DC47-CDFA-4E98-AC25-140109A7EBE2}.Debug|Any CPU.Build.0 = Debug|Any CPU
		{A3B4DC47-CDFA-4E98-AC25-140109A7EBE2}.Release|Any CPU.ActiveCfg = Release|Any CPU
		{A3B4DC47-CDFA-4E98-AC25-140109A7EBE2}.Release|Any CPU.Build.0 = Release|Any CPU
		{185A2EA8-E9DC-4BCC-8FE7-B2EA5A1352D0}.Debug|Any CPU.ActiveCfg = Debug|Any CPU
		{185A2EA8-E9DC-4BCC-8FE7-B2EA5A1352D0}.Debug|Any CPU.Build.0 = Debug|Any CPU
		{185A2EA8-E9DC-4BCC-8FE7-B2EA5A1352D0}.Release|Any CPU.ActiveCfg = Release|Any CPU
		{185A2EA8-E9DC-4BCC-8FE7-B2EA5A1352D0}.Release|Any CPU.Build.0 = Release|Any CPU
	EndGlobalSection
	GlobalSection(SolutionProperties) = preSolution
		HideSolutionNode = FALSE
	EndGlobalSection
	GlobalSection(NestedProjects) = preSolution
		{DBDB5C94-D0B9-4F36-BD10-4D6B7403AD1A} = {8243E593-517D-421E-B739-08901B487A35}
		{D43AEF7F-21EE-4178-85FD-4AEE5A326C99} = {8243E593-517D-421E-B739-08901B487A35}
		{E31F4C4C-598F-4AEA-92A6-7FB62C61D355} = {8243E593-517D-421E-B739-08901B487A35}
		{490B6581-A9E8-475A-AFDB-37119C51CB58} = {8243E593-517D-421E-B739-08901B487A35}
		{0127061F-6A23-4BCF-B970-52C0C260C4C5} = {8243E593-517D-421E-B739-08901B487A35}
		{C8EE8491-B917-4365-8628-00732095D1AD} = {8243E593-517D-421E-B739-08901B487A35}
		{614A3E80-2E53-4344-9ABC-A7FE8F39AC62} = {8243E593-517D-421E-B739-08901B487A35}
		{0389089B-13FD-4308-AF01-4E7467350BB0} = {8243E593-517D-421E-B739-08901B487A35}
		{529C66F2-ADD6-46C2-9C31-E9A2A6416F6C} = {8243E593-517D-421E-B739-08901B487A35}
		{A3B4DC47-CDFA-4E98-AC25-140109A7EBE2} = {8243E593-517D-421E-B739-08901B487A35}
		{185A2EA8-E9DC-4BCC-8FE7-B2EA5A1352D0} = {8243E593-517D-421E-B739-08901B487A35}
	EndGlobalSection
	GlobalSection(ExtensibilityGlobals) = postSolution
		SolutionGuid = {EC93CC4D-FBDF-4C3B-9487-783E18071A96}
	EndGlobalSection
EndGlobal
